
Microsoft Visual Studio Solution File, Format Version 12.00
# Visual Studio Version 17
VisualStudioVersion = 17.7.34024.191
MinimumVisualStudioVersion = 10.0.40219.1
Project("{FAE04EC0-301F-11D3-BF4B-00C04F79EFBC}") = "Bai6_Chuong4", "Bai6_Chuong4\Bai6_Chuong4.csproj", "{CC3F6C90-0263-48E7-8611-13C68D1F1F7F}"
EndProject
Global
	GlobalSection(SolutionConfigurationPlatforms) = preSolution
		Debug|Any CPU = Debug|Any CPU
		Release|Any CPU = Release|Any CPU
	EndGlobalSection
	GlobalSection(ProjectConfigurationPlatforms) = postSolution
		{CC3F6C90-0263-48E7-8611-13C68D1F1F7F}.Debug|Any CPU.ActiveCfg = Debug|Any CPU
		{CC3F6C90-0263-48E7-8611-13C68D1F1F7F}.Debug|Any CPU.Build.0 = Debug|Any CPU
		{CC3F6C90-0263-48E7-8611-13C68D1F1F7F}.Release|Any CPU.ActiveCfg = Release|Any CPU
		{CC3F6C90-0263-48E7-8611-13C68D1F1F7F}.Release|Any CPU.Build.0 = Release|Any CPU
	EndGlobalSection
	GlobalSection(SolutionProperties) = preSolution
		HideSolutionNode = FALSE
	EndGlobalSection
	GlobalSection(ExtensibilityGlobals) = postSolution
		SolutionGuid = {E912A4A8-F1BD-4422-AD8B-7DC0069169F1}
	EndGlobalSection
EndGlobal
